PODS:
  - ActivityIndicatorManager (2.1.0)
  - Alamofire (5.4.3)
  - RxCocoa (6.5.0):
    - RxRelay (= 6.5.0)
    - RxSwift (= 6.5.0)
  - RxRelay (6.5.0):
    - RxSwift (= 6.5.0)
  - RxSwift (6.5.0)
  - SDWebImage (5.12.3):
    - SDWebImage/Core (= 5.12.3)
  - SDWebImage/Core (5.12.3)
  - SwiftyJSON (5.0.1)

DEPENDENCIES:
  - ActivityIndicatorManager
  - Alamofire
  - RxCocoa
  - RxSwift
  - SDWebImage
  - SwiftyJSON

SPEC REPOS:
  trunk:
    - ActivityIndicatorManager
    - Alamofire
    - RxCocoa
    - RxRelay
    - RxSwift
    - SDWebImage
    - SwiftyJSON

SPEC CHECKSUMS:
  ActivityIndicatorManager: 31087524844ff5a00ee95a905931b7420fdf3cc1
  Alamofire: e447a2774a40c996748296fa2c55112fdbbc42f9
  RxCocoa: 94f817b71c07517321eb4f9ad299112ca8af743b
  RxRelay: 1de1523e604c72b6c68feadedd1af3b1b4d0ecbd
  RxSwift: 5710a9e6b17f3c3d6e40d6e559b9fa1e813b2ef8
  SDWebImage: 53179a2dba77246efa8a9b85f5c5b21f8f43e38f
  SwiftyJSON: 2f33a42c6fbc52764d96f13368585094bfd8aa5e

PODFILE CHECKSUM: ec1a4f62966c99ae885de25b13d6a0e76a06e64c

COCOAPODS: 1.11.2
